
Microsoft Visual Studio Solution File, Format Version 12.00
# Visual Studio Version 16
VisualStudioVersion = 16.0.30611.23
MinimumVisualStudioVersion = 10.0.40219.1
Project("{FAE04EC0-301F-11D3-BF4B-00C04F79EFBC}") = "Projekt_OOP_2", "Projekt_OOP_2.csproj", "{A73BD5B9-B6CD-447B-B6A3-4BED2B195FBC}"
EndProject
Global
	GlobalSection(SolutionConfigurationPlatforms) = preSolution
		Debug|Any CPU = Debug|Any CPU
		Release|Any CPU = Release|Any CPU
	EndGlobalSection
	GlobalSection(ProjectConfigurationPlatforms) = postSolution
		{A73BD5B9-B6CD-447B-B6A3-4BED2B195FBC}.Debug|Any CPU.ActiveCfg = Debug|Any CPU
		{A73BD5B9-B6CD-447B-B6A3-4BED2B195FBC}.Debug|Any CPU.Build.0 = Debug|Any CPU
		{A73BD5B9-B6CD-447B-B6A3-4BED2B195FBC}.Release|Any CPU.ActiveCfg = Release|Any CPU
		{A73BD5B9-B6CD-447B-B6A3-4BED2B195FBC}.Release|Any CPU.Build.0 = Release|Any CPU
	EndGlobalSection
	GlobalSection(SolutionProperties) = preSolution
		HideSolutionNode = FALSE
	EndGlobalSection
	GlobalSection(ExtensibilityGlobals) = postSolution
		SolutionGuid = {FD7DEA2E-8EE5-4F89-B9A0-94FE0EB12D31}
	EndGlobalSection
EndGlobal
